
Microsoft Visual Studio Solution File, Format Version 12.00
# Visual Studio 15
VisualStudioVersion = 15.0.28010.2050
MinimumVisualStudioVersion = 10.0.40219.1
Project("{9A19103F-16F7-4668-BE54-9A1E7A4F7556}") = "Company_COREMvc", "Company_COREMvc\Company_COREMvc.csproj", "{61228EB6-0BDA-415D-9D47-9EAC2C86582A}"
EndProject
Global
	GlobalSection(SolutionConfigurationPlatforms) = preSolution
		Debug|Any CPU = Debug|Any CPU
		Release|Any CPU = Release|Any CPU
	EndGlobalSection
	GlobalSection(ProjectConfigurationPlatforms) = postSolution
		{61228EB6-0BDA-415D-9D47-9EAC2C86582A}.Debug|Any CPU.ActiveCfg = Debug|Any CPU
		{61228EB6-0BDA-415D-9D47-9EAC2C86582A}.Debug|Any CPU.Build.0 = Debug|Any CPU
		{61228EB6-0BDA-415D-9D47-9EAC2C86582A}.Release|Any CPU.ActiveCfg = Release|Any CPU
		{61228EB6-0BDA-415D-9D47-9EAC2C86582A}.Release|Any CPU.Build.0 = Release|Any CPU
	EndGlobalSection
	GlobalSection(SolutionProperties) = preSolution
		HideSolutionNode = FALSE
	EndGlobalSection
	GlobalSection(ExtensibilityGlobals) = postSolution
		SolutionGuid = {47B8D7FB-C096-4C73-91FC-7A6E676968D6}
	EndGlobalSection
EndGlobal
